
Microsoft Visual Studio Solution File, Format Version 12.00
# Visual Studio Version 17
VisualStudioVersion = 17.1.32210.238
MinimumVisualStudioVersion = 10.0.40219.1
Project("{FAE04EC0-301F-11D3-BF4B-00C04F79EFBC}") = "P1API", "P1API.csproj", "{F9B9C6FA-C19E-4CDE-BCCC-623EAD165EB8}"
EndProject
Global
	GlobalSection(SolutionConfigurationPlatforms) = preSolution
		Debug|Any CPU = Debug|Any CPU
		Release|Any CPU = Release|Any CPU
	EndGlobalSection
	GlobalSection(ProjectConfigurationPlatforms) = postSolution
		{F9B9C6FA-C19E-4CDE-BCCC-623EAD165EB8}.Debug|Any CPU.ActiveCfg = Debug|Any CPU
		{F9B9C6FA-C19E-4CDE-BCCC-623EAD165EB8}.Debug|Any CPU.Build.0 = Debug|Any CPU
		{F9B9C6FA-C19E-4CDE-BCCC-623EAD165EB8}.Release|Any CPU.ActiveCfg = Release|Any CPU
		{F9B9C6FA-C19E-4CDE-BCCC-623EAD165EB8}.Release|Any CPU.Build.0 = Release|Any CPU
	EndGlobalSection
	GlobalSection(SolutionProperties) = preSolution
		HideSolutionNode = FALSE
	EndGlobalSection
	GlobalSection(ExtensibilityGlobals) = postSolution
		SolutionGuid = {36EF09C7-0797-47E9-BC02-12D466667312}
	EndGlobalSection
EndGlobal
